{
  "object": {
    "pins": [
      {
        "package": "DragDrop",
        "repositoryURL": "https://github.com/brunogb/SwiftUIDragDrop",
        "state": {
          "branch": "master",
          "revision": "e3a395309841a2377c15851ca46c28b7496ae484",
          "version": null
        }
      }
    ]
  },
  "version": 1
}
