{
  "object": {
    "pins": [
      {
        "package": "DragDrop",
        "repositoryURL": "https://github.com/brunogb/SwiftUIDragDrop",
        "state": {
          "branch": "master",
          "revision": "283f3ff02d07d811ff20509cd8c2e6922e99c577",
          "version": null
        }
      }
    ]
  },
  "version": 1
}
